
Microsoft Visual Studio Solution File, Format Version 12.00
# Visual Studio Version 17
VisualStudioVersion = 17.9.34728.123
MinimumVisualStudioVersion = 10.0.40219.1
Project("{9A19103F-16F7-4668-BE54-9A1E7A4F7556}") = "MTDotNetCore.ConsoleApp", "MTDotNetCore.ConsoleApp\MTDotNetCore.ConsoleApp.csproj", "{27037197-E330-4D10-97D8-4CAC9F867B11}"
EndProject
Project("{2150E333-8FDC-42A3-9474-1A3956D46DE8}") = "Documents", "Documents", "{2BCAB51E-34D9-4F76-9DC9-EBB9A218CFDB}"
	ProjectSection(SolutionItems) = preProject
		DotNetTrainingBatch4.sql = DotNetTrainingBatch4.sql
		README.md = README.md
		tblBlog.sql = tblBlog.sql
	EndProjectSection
EndProject
Project("{9A19103F-16F7-4668-BE54-9A1E7A4F7556}") = "MTDotNetCore.RestApi", "MTDotNetCore.RestApi\MTDotNetCore.RestApi.csproj", "{BCBC31D6-A469-49C8-BB90-30D1808199D9}"
EndProject
Project("{FAE04EC0-301F-11D3-BF4B-00C04F79EFBC}") = "MTDotNetCore.Shared", "MTDotNetCore.Shared\MTDotNetCore.Shared.csproj", "{4DA28117-82FC-41BA-BC1A-2AFBC8085DF2}"
EndProject
Global
	GlobalSection(SolutionConfigurationPlatforms) = preSolution
		Debug|Any CPU = Debug|Any CPU
		Release|Any CPU = Release|Any CPU
	EndGlobalSection
	GlobalSection(ProjectConfigurationPlatforms) = postSolution
		{27037197-E330-4D10-97D8-4CAC9F867B11}.Debug|Any CPU.ActiveCfg = Debug|Any CPU
		{27037197-E330-4D10-97D8-4CAC9F867B11}.Debug|Any CPU.Build.0 = Debug|Any CPU
		{27037197-E330-4D10-97D8-4CAC9F867B11}.Release|Any CPU.ActiveCfg = Release|Any CPU
		{27037197-E330-4D10-97D8-4CAC9F867B11}.Release|Any CPU.Build.0 = Release|Any CPU
		{BCBC31D6-A469-49C8-BB90-30D1808199D9}.Debug|Any CPU.ActiveCfg = Debug|Any CPU
		{BCBC31D6-A469-49C8-BB90-30D1808199D9}.Debug|Any CPU.Build.0 = Debug|Any CPU
		{BCBC31D6-A469-49C8-BB90-30D1808199D9}.Release|Any CPU.ActiveCfg = Release|Any CPU
		{BCBC31D6-A469-49C8-BB90-30D1808199D9}.Release|Any CPU.Build.0 = Release|Any CPU
		{4DA28117-82FC-41BA-BC1A-2AFBC8085DF2}.Debug|Any CPU.ActiveCfg = Debug|Any CPU
		{4DA28117-82FC-41BA-BC1A-2AFBC8085DF2}.Debug|Any CPU.Build.0 = Debug|Any CPU
		{4DA28117-82FC-41BA-BC1A-2AFBC8085DF2}.Release|Any CPU.ActiveCfg = Release|Any CPU
		{4DA28117-82FC-41BA-BC1A-2AFBC8085DF2}.Release|Any CPU.Build.0 = Release|Any CPU
	EndGlobalSection
	GlobalSection(SolutionProperties) = preSolution
		HideSolutionNode = FALSE
	EndGlobalSection
	GlobalSection(ExtensibilityGlobals) = postSolution
		SolutionGuid = {4C11C4BF-1E2A-4B86-9C1A-33A02F771E77}
	EndGlobalSection
EndGlobal
