
Microsoft Visual Studio Solution File, Format Version 12.00
# Visual Studio Version 17
VisualStudioVersion = 17.9.34728.123
MinimumVisualStudioVersion = 10.0.40219.1
Project("{9A19103F-16F7-4668-BE54-9A1E7A4F7556}") = "MTDotNetCore.ConsoleApp", "MTDotNetCore.ConsoleApp\MTDotNetCore.ConsoleApp.csproj", "{27037197-E330-4D10-97D8-4CAC9F867B11}"
EndProject
Project("{2150E333-8FDC-42A3-9474-1A3956D46DE8}") = "Documents", "Documents", "{2BCAB51E-34D9-4F76-9DC9-EBB9A218CFDB}"
	ProjectSection(SolutionItems) = preProject
		DotNetTrainingBatch4.sql = DotNetTrainingBatch4.sql
		README.md = README.md
		tblBlog.sql = tblBlog.sql
	EndProjectSection
EndProject
Project("{9A19103F-16F7-4668-BE54-9A1E7A4F7556}") = "MTDotNetCore.RestApi", "MTDotNetCore.RestApi\MTDotNetCore.RestApi.csproj", "{BCBC31D6-A469-49C8-BB90-30D1808199D9}"
EndProject
Project("{9A19103F-16F7-4668-BE54-9A1E7A4F7556}") = "MTDotNetCore.Shared", "MTDotNetCore.Shared\MTDotNetCore.Shared.csproj", "{4DA28117-82FC-41BA-BC1A-2AFBC8085DF2}"
EndProject
Project("{9A19103F-16F7-4668-BE54-9A1E7A4F7556}") = "MTDotNetCore.RestApiWithNLayer", "MTDotNetCore.RestApiWithNLayer\MTDotNetCore.RestApiWithNLayer.csproj", "{B9D248AF-D84E-4BD8-B332-0FE17D32D8F8}"
EndProject
Project("{9A19103F-16F7-4668-BE54-9A1E7A4F7556}") = "MTDotNetCore.ConsoleAppHttpClient", "MTDotNetCore.ConsoleAppHttpClient\MTDotNetCore.ConsoleAppHttpClient.csproj", "{CF19762F-A592-431D-8DDE-F6F3BDFB5885}"
EndProject
Project("{9A19103F-16F7-4668-BE54-9A1E7A4F7556}") = "MTDotNetCore.ConsoleAppHttpClientExample", "MTDotNetCore.ConsoleAppHttpClientExamples\MTDotNetCore.ConsoleAppHttpClientExample.csproj", "{74FEDC1D-7FCC-4F01-A2EC-ECA4AE87AF7B}"
EndProject
Project("{9A19103F-16F7-4668-BE54-9A1E7A4F7556}") = "MTDotNetCore.ConsoleAppRestClientExample", "MTDotNetCore.ConsoleAppRestClientExamples\MTDotNetCore.ConsoleAppRestClientExample.csproj", "{04F12E78-5EA9-42F9-9470-278326B32EDC}"
EndProject
Project("{9A19103F-16F7-4668-BE54-9A1E7A4F7556}") = "MTDotNetCore.PizzaApi", "MTDotNetCore.PizzaApi\MTDotNetCore.PizzaApi.csproj", "{A1E85AA2-C120-43D2-BD2F-DC205A784C42}"
EndProject
Project("{9A19103F-16F7-4668-BE54-9A1E7A4F7556}") = "MTDotNetCore.ConsoleAppRefitExample", "MTDotNetCore.ConsoleAppRefitExample\MTDotNetCore.ConsoleAppRefitExample.csproj", "{12406ECA-6E24-43F5-AE8A-86F8DB199DDC}"
EndProject
Project("{FAE04EC0-301F-11D3-BF4B-00C04F79EFBC}") = "MTDotNetCore.WinFormsApp", "MTDotNetCore.WinFormsApp\MTDotNetCore.WinFormsApp.csproj", "{6F711C3A-F01E-4697-B5F3-150C55A12E6C}"
EndProject
Global
	GlobalSection(SolutionConfigurationPlatforms) = preSolution
		Debug|Any CPU = Debug|Any CPU
		Release|Any CPU = Release|Any CPU
	EndGlobalSection
	GlobalSection(ProjectConfigurationPlatforms) = postSolution
		{27037197-E330-4D10-97D8-4CAC9F867B11}.Debug|Any CPU.ActiveCfg = Debug|Any CPU
		{27037197-E330-4D10-97D8-4CAC9F867B11}.Debug|Any CPU.Build.0 = Debug|Any CPU
		{27037197-E330-4D10-97D8-4CAC9F867B11}.Release|Any CPU.ActiveCfg = Release|Any CPU
		{27037197-E330-4D10-97D8-4CAC9F867B11}.Release|Any CPU.Build.0 = Release|Any CPU
		{BCBC31D6-A469-49C8-BB90-30D1808199D9}.Debug|Any CPU.ActiveCfg = Debug|Any CPU
		{BCBC31D6-A469-49C8-BB90-30D1808199D9}.Debug|Any CPU.Build.0 = Debug|Any CPU
		{BCBC31D6-A469-49C8-BB90-30D1808199D9}.Release|Any CPU.ActiveCfg = Release|Any CPU
		{BCBC31D6-A469-49C8-BB90-30D1808199D9}.Release|Any CPU.Build.0 = Release|Any CPU
		{4DA28117-82FC-41BA-BC1A-2AFBC8085DF2}.Debug|Any CPU.ActiveCfg = Debug|Any CPU
		{4DA28117-82FC-41BA-BC1A-2AFBC8085DF2}.Debug|Any CPU.Build.0 = Debug|Any CPU
		{4DA28117-82FC-41BA-BC1A-2AFBC8085DF2}.Release|Any CPU.ActiveCfg = Release|Any CPU
		{4DA28117-82FC-41BA-BC1A-2AFBC8085DF2}.Release|Any CPU.Build.0 = Release|Any CPU
		{B9D248AF-D84E-4BD8-B332-0FE17D32D8F8}.Debug|Any CPU.ActiveCfg = Debug|Any CPU
		{B9D248AF-D84E-4BD8-B332-0FE17D32D8F8}.Debug|Any CPU.Build.0 = Debug|Any CPU
		{B9D248AF-D84E-4BD8-B332-0FE17D32D8F8}.Release|Any CPU.ActiveCfg = Release|Any CPU
		{B9D248AF-D84E-4BD8-B332-0FE17D32D8F8}.Release|Any CPU.Build.0 = Release|Any CPU
		{CF19762F-A592-431D-8DDE-F6F3BDFB5885}.Debug|Any CPU.ActiveCfg = Debug|Any CPU
		{CF19762F-A592-431D-8DDE-F6F3BDFB5885}.Debug|Any CPU.Build.0 = Debug|Any CPU
		{CF19762F-A592-431D-8DDE-F6F3BDFB5885}.Release|Any CPU.ActiveCfg = Release|Any CPU
		{CF19762F-A592-431D-8DDE-F6F3BDFB5885}.Release|Any CPU.Build.0 = Release|Any CPU
		{74FEDC1D-7FCC-4F01-A2EC-ECA4AE87AF7B}.Debug|Any CPU.ActiveCfg = Debug|Any CPU
		{74FEDC1D-7FCC-4F01-A2EC-ECA4AE87AF7B}.Debug|Any CPU.Build.0 = Debug|Any CPU
		{74FEDC1D-7FCC-4F01-A2EC-ECA4AE87AF7B}.Release|Any CPU.ActiveCfg = Release|Any CPU
		{74FEDC1D-7FCC-4F01-A2EC-ECA4AE87AF7B}.Release|Any CPU.Build.0 = Release|Any CPU
		{04F12E78-5EA9-42F9-9470-278326B32EDC}.Debug|Any CPU.ActiveCfg = Debug|Any CPU
		{04F12E78-5EA9-42F9-9470-278326B32EDC}.Debug|Any CPU.Build.0 = Debug|Any CPU
		{04F12E78-5EA9-42F9-9470-278326B32EDC}.Release|Any CPU.ActiveCfg = Release|Any CPU
		{04F12E78-5EA9-42F9-9470-278326B32EDC}.Release|Any CPU.Build.0 = Release|Any CPU
		{A1E85AA2-C120-43D2-BD2F-DC205A784C42}.Debug|Any CPU.ActiveCfg = Debug|Any CPU
		{A1E85AA2-C120-43D2-BD2F-DC205A784C42}.Debug|Any CPU.Build.0 = Debug|Any CPU
		{A1E85AA2-C120-43D2-BD2F-DC205A784C42}.Release|Any CPU.ActiveCfg = Release|Any CPU
		{A1E85AA2-C120-43D2-BD2F-DC205A784C42}.Release|Any CPU.Build.0 = Release|Any CPU
		{12406ECA-6E24-43F5-AE8A-86F8DB199DDC}.Debug|Any CPU.ActiveCfg = Debug|Any CPU
		{12406ECA-6E24-43F5-AE8A-86F8DB199DDC}.Debug|Any CPU.Build.0 = Debug|Any CPU
		{12406ECA-6E24-43F5-AE8A-86F8DB199DDC}.Release|Any CPU.ActiveCfg = Release|Any CPU
		{12406ECA-6E24-43F5-AE8A-86F8DB199DDC}.Release|Any CPU.Build.0 = Release|Any CPU
		{6F711C3A-F01E-4697-B5F3-150C55A12E6C}.Debug|Any CPU.ActiveCfg = Debug|Any CPU
		{6F711C3A-F01E-4697-B5F3-150C55A12E6C}.Debug|Any CPU.Build.0 = Debug|Any CPU
		{6F711C3A-F01E-4697-B5F3-150C55A12E6C}.Release|Any CPU.ActiveCfg = Release|Any CPU
		{6F711C3A-F01E-4697-B5F3-150C55A12E6C}.Release|Any CPU.Build.0 = Release|Any CPU
	EndGlobalSection
	GlobalSection(SolutionProperties) = preSolution
		HideSolutionNode = FALSE
	EndGlobalSection
	GlobalSection(ExtensibilityGlobals) = postSolution
		SolutionGuid = {4C11C4BF-1E2A-4B86-9C1A-33A02F771E77}
	EndGlobalSection
EndGlobal
