
Microsoft Visual Studio Solution File, Format Version 12.00
# Visual Studio Version 17
VisualStudioVersion = 17.9.34728.123
MinimumVisualStudioVersion = 10.0.40219.1
Project("{9A19103F-16F7-4668-BE54-9A1E7A4F7556}") = "MTDotNetCore.ConsoleApp", "MTDotNetCore.ConsoleApp\MTDotNetCore.ConsoleApp.csproj", "{27037197-E330-4D10-97D8-4CAC9F867B11}"
EndProject
Project("{2150E333-8FDC-42A3-9474-1A3956D46DE8}") = "Documents", "Documents", "{2BCAB51E-34D9-4F76-9DC9-EBB9A218CFDB}"
	ProjectSection(SolutionItems) = preProject
		DotNetTrainingBatch4.sql = DotNetTrainingBatch4.sql
		README.md = README.md
		tblBlog.sql = tblBlog.sql
	EndProjectSection
EndProject
Project("{9A19103F-16F7-4668-BE54-9A1E7A4F7556}") = "MTDotNetCore.RestApi", "MTDotNetCore.RestApi\MTDotNetCore.RestApi.csproj", "{BCBC31D6-A469-49C8-BB90-30D1808199D9}"
EndProject
Project("{9A19103F-16F7-4668-BE54-9A1E7A4F7556}") = "MTDotNetCore.Shared", "MTDotNetCore.Shared\MTDotNetCore.Shared.csproj", "{4DA28117-82FC-41BA-BC1A-2AFBC8085DF2}"
EndProject
Project("{9A19103F-16F7-4668-BE54-9A1E7A4F7556}") = "MTDotNetCore.RestApiWithNLayer", "MTDotNetCore.RestApiWithNLayer\MTDotNetCore.RestApiWithNLayer.csproj", "{B9D248AF-D84E-4BD8-B332-0FE17D32D8F8}"
EndProject
Project("{9A19103F-16F7-4668-BE54-9A1E7A4F7556}") = "MTDotNetCore.ConsoleAppHttpClient", "MTDotNetCore.ConsoleAppHttpClient\MTDotNetCore.ConsoleAppHttpClient.csproj", "{CF19762F-A592-431D-8DDE-F6F3BDFB5885}"
EndProject
Project("{9A19103F-16F7-4668-BE54-9A1E7A4F7556}") = "MTDotNetCore.ConsoleAppHttpClientExample", "MTDotNetCore.ConsoleAppHttpClientExamples\MTDotNetCore.ConsoleAppHttpClientExample.csproj", "{74FEDC1D-7FCC-4F01-A2EC-ECA4AE87AF7B}"
EndProject
Project("{9A19103F-16F7-4668-BE54-9A1E7A4F7556}") = "MTDotNetCore.ConsoleAppRestClientExample", "MTDotNetCore.ConsoleAppRestClientExamples\MTDotNetCore.ConsoleAppRestClientExample.csproj", "{04F12E78-5EA9-42F9-9470-278326B32EDC}"
EndProject
Project("{9A19103F-16F7-4668-BE54-9A1E7A4F7556}") = "MTDotNetCore.PizzaApi", "MTDotNetCore.PizzaApi\MTDotNetCore.PizzaApi.csproj", "{A1E85AA2-C120-43D2-BD2F-DC205A784C42}"
EndProject
Project("{9A19103F-16F7-4668-BE54-9A1E7A4F7556}") = "MTDotNetCore.ConsoleAppRefitExample", "MTDotNetCore.ConsoleAppRefitExample\MTDotNetCore.ConsoleAppRefitExample.csproj", "{12406ECA-6E24-43F5-AE8A-86F8DB199DDC}"
EndProject
Project("{9A19103F-16F7-4668-BE54-9A1E7A4F7556}") = "MTDotNetCore.WinFormsApp", "MTDotNetCore.WinFormsApp\MTDotNetCore.WinFormsApp.csproj", "{6F711C3A-F01E-4697-B5F3-150C55A12E6C}"
EndProject
Project("{9A19103F-16F7-4668-BE54-9A1E7A4F7556}") = "MTDotNetCore.WinFormsAppSqlnjection", "MTDotNetCore.WinFormsAppSqlnjection\MTDotNetCore.WinFormsAppSqlnjection.csproj", "{7AB303C7-5F4B-481C-9A74-9A637A0C9D96}"
EndProject
Project("{9A19103F-16F7-4668-BE54-9A1E7A4F7556}") = "MTDotNetCore.NLayer.UI", "MTDotNetCore.NLayer.UI\MTDotNetCore.NLayer.UI.csproj", "{2B7796F9-45C8-4B1E-8A3E-501E81439785}"
EndProject
Project("{9A19103F-16F7-4668-BE54-9A1E7A4F7556}") = "MTDotNetCore.NLayer.BusinessLogic", "MTDotNetCore.NLayer.BusinessLogic\MTDotNetCore.NLayer.BusinessLogic.csproj", "{4E6F0033-946A-4E79-98BA-1824CBDEC6C2}"
EndProject
Project("{9A19103F-16F7-4668-BE54-9A1E7A4F7556}") = "MTDotNetCore.NLayer.DataAccess", "MTDotNetCore.NLayer.DataAccess\MTDotNetCore.NLayer.DataAccess.csproj", "{B6D1F430-7DD5-4CF8-A14C-BF0BE11430DD}"
EndProject
Project("{9A19103F-16F7-4668-BE54-9A1E7A4F7556}") = "MTDotNetCore.MinimalApi", "MTDotNetCore.MinimalApi\MTDotNetCore.MinimalApi.csproj", "{2BCB2BD7-7D62-4069-976D-D7936C06705F}"
EndProject
Project("{9A19103F-16F7-4668-BE54-9A1E7A4F7556}") = "MTDotNetCore.MVCApp", "MTDotNetCore.MVCApp\MTDotNetCore.MVCApp.csproj", "{44C98F61-A4E2-4947-9125-53BA58891E2F}"
EndProject
Project("{9A19103F-16F7-4668-BE54-9A1E7A4F7556}") = "MTDotNetCore.MVCAppAjax", "MTDotNetCore.MVCAppAjax\MTDotNetCore.MVCAppAjax.csproj", "{59FB750C-206F-46E5-B53B-FBE676AC4334}"
EndProject
Project("{9A19103F-16F7-4668-BE54-9A1E7A4F7556}") = "MTDotNetCore.MvcChartApp", "MTDotNetCore.MvcChartApp\MTDotNetCore.MvcChartApp.csproj", "{50625C54-581C-4092-99BD-5515D0FCCEB4}"
EndProject
Project("{9A19103F-16F7-4668-BE54-9A1E7A4F7556}") = "MTDotNetCore.ConsoleAppLogging", "MTDotNetCore.ConsoleAppLogging\MTDotNetCore.ConsoleAppLogging.csproj", "{D9F9CD12-2DA9-4309-BD63-D7F49967F6B9}"
EndProject
Project("{9A19103F-16F7-4668-BE54-9A1E7A4F7556}") = "MTDotNetCore.RealTimeChatApp", "MTDotNetCore.RealTimeChatApp\MTDotNetCore.RealTimeChatApp.csproj", "{70EDB8D0-665A-4106-928A-E76FCCFF06C4}"
EndProject
Project("{9A19103F-16F7-4668-BE54-9A1E7A4F7556}") = "MTDotNetCore.PaginationAPI", "MTDotNetCore.PaginationAPI\MTDotNetCore.PaginationAPI.csproj", "{0B0D8A00-3BFE-4EEB-969B-0BEA23F21ADE}"
EndProject
Project("{9A19103F-16F7-4668-BE54-9A1E7A4F7556}") = "MTDotNetCore.PaginationConsoleApp", "MTDotNetCore.PaginationConsoleApp\MTDotNetCore.PaginationConsoleApp.csproj", "{8134EF6E-06CF-42B0-AD95-9ABFFE1952D8}"
EndProject
Project("{9A19103F-16F7-4668-BE54-9A1E7A4F7556}") = "MTDotNetCore.PaginationMvc", "MTDotNetCore.PaginationMvc\MTDotNetCore.PaginationMvc.csproj", "{A4EAE405-E0D2-49B4-8AC1-FA85210D03E2}"
EndProject
Project("{9A19103F-16F7-4668-BE54-9A1E7A4F7556}") = "MTDotNetCore.RealtimeChartApp", "MTDotNetCore.RealtimeChartApp\MTDotNetCore.RealtimeChartApp.csproj", "{FCDDC526-20A9-4AA5-A740-561A5A8EC9A5}"
EndProject
Project("{9A19103F-16F7-4668-BE54-9A1E7A4F7556}") = "MTDotNetCore.ConsoleAppEFCore", "MTDotNetCore.ConsoleAppEFCore\MTDotNetCore.ConsoleAppEFCore.csproj", "{91EBFD1E-EC8E-4102-BBD1-7EEF8F34246A}"
EndProject
Project("{9A19103F-16F7-4668-BE54-9A1E7A4F7556}") = "MTDotNetCore.ConsoleAppEFCore.Database", "MTDotNetCore.ConsoleAppEFCore.Database\MTDotNetCore.ConsoleAppEFCore.Database.csproj", "{0EF2539A-B7A7-4982-98A7-0E4F0A836C88}"
EndProject
Project("{9A19103F-16F7-4668-BE54-9A1E7A4F7556}") = "MTDotNetCore.MvcAppHttpClient", "MTDotNetCore.MvcApp2\MTDotNetCore.MvcAppHttpClient.csproj", "{8B929B76-BA84-4883-8FE7-829F5A886B8B}"
EndProject
Project("{9A19103F-16F7-4668-BE54-9A1E7A4F7556}") = "MTDotNetCore.MvcAppRestClient", "MTDotNetCore.MvcAppRestClient\MTDotNetCore.MvcAppRestClient.csproj", "{495F483C-1F3A-475F-BCED-3B03497FDE1A}"
EndProject
Project("{9A19103F-16F7-4668-BE54-9A1E7A4F7556}") = "MTDotNetCore.MvcAppRefit", "MTDotNetCore.MvcAppRefit\MTDotNetCore.MvcAppRefit.csproj", "{65FC1FF1-D084-4B7D-92EC-2A87250BB70C}"
EndProject
Project("{FAE04EC0-301F-11D3-BF4B-00C04F79EFBC}") = "MTDotNetCore.MvcDesignApp", "MTDotNetCore.MvcDesignApp\MTDotNetCore.MvcDesignApp.csproj", "{60F14E59-2DDC-4684-AF50-E7ABC9B7B90A}"
EndProject
Project("{FAE04EC0-301F-11D3-BF4B-00C04F79EFBC}") = "MTDotNetCore.BlazorWasm", "MTDotNetCore.BlazorWasm\MTDotNetCore.BlazorWasm.csproj", "{7E5D2A0C-6439-4428-89F3-D816A7E68755}"
EndProject
Global
	GlobalSection(SolutionConfigurationPlatforms) = preSolution
		Debug|Any CPU = Debug|Any CPU
		Release|Any CPU = Release|Any CPU
	EndGlobalSection
	GlobalSection(ProjectConfigurationPlatforms) = postSolution
		{27037197-E330-4D10-97D8-4CAC9F867B11}.Debug|Any CPU.ActiveCfg = Debug|Any CPU
		{27037197-E330-4D10-97D8-4CAC9F867B11}.Debug|Any CPU.Build.0 = Debug|Any CPU
		{27037197-E330-4D10-97D8-4CAC9F867B11}.Release|Any CPU.ActiveCfg = Release|Any CPU
		{27037197-E330-4D10-97D8-4CAC9F867B11}.Release|Any CPU.Build.0 = Release|Any CPU
		{BCBC31D6-A469-49C8-BB90-30D1808199D9}.Debug|Any CPU.ActiveCfg = Debug|Any CPU
		{BCBC31D6-A469-49C8-BB90-30D1808199D9}.Debug|Any CPU.Build.0 = Debug|Any CPU
		{BCBC31D6-A469-49C8-BB90-30D1808199D9}.Release|Any CPU.ActiveCfg = Release|Any CPU
		{BCBC31D6-A469-49C8-BB90-30D1808199D9}.Release|Any CPU.Build.0 = Release|Any CPU
		{4DA28117-82FC-41BA-BC1A-2AFBC8085DF2}.Debug|Any CPU.ActiveCfg = Debug|Any CPU
		{4DA28117-82FC-41BA-BC1A-2AFBC8085DF2}.Debug|Any CPU.Build.0 = Debug|Any CPU
		{4DA28117-82FC-41BA-BC1A-2AFBC8085DF2}.Release|Any CPU.ActiveCfg = Release|Any CPU
		{4DA28117-82FC-41BA-BC1A-2AFBC8085DF2}.Release|Any CPU.Build.0 = Release|Any CPU
		{B9D248AF-D84E-4BD8-B332-0FE17D32D8F8}.Debug|Any CPU.ActiveCfg = Debug|Any CPU
		{B9D248AF-D84E-4BD8-B332-0FE17D32D8F8}.Debug|Any CPU.Build.0 = Debug|Any CPU
		{B9D248AF-D84E-4BD8-B332-0FE17D32D8F8}.Release|Any CPU.ActiveCfg = Release|Any CPU
		{B9D248AF-D84E-4BD8-B332-0FE17D32D8F8}.Release|Any CPU.Build.0 = Release|Any CPU
		{CF19762F-A592-431D-8DDE-F6F3BDFB5885}.Debug|Any CPU.ActiveCfg = Debug|Any CPU
		{CF19762F-A592-431D-8DDE-F6F3BDFB5885}.Debug|Any CPU.Build.0 = Debug|Any CPU
		{CF19762F-A592-431D-8DDE-F6F3BDFB5885}.Release|Any CPU.ActiveCfg = Release|Any CPU
		{CF19762F-A592-431D-8DDE-F6F3BDFB5885}.Release|Any CPU.Build.0 = Release|Any CPU
		{74FEDC1D-7FCC-4F01-A2EC-ECA4AE87AF7B}.Debug|Any CPU.ActiveCfg = Debug|Any CPU
		{74FEDC1D-7FCC-4F01-A2EC-ECA4AE87AF7B}.Debug|Any CPU.Build.0 = Debug|Any CPU
		{74FEDC1D-7FCC-4F01-A2EC-ECA4AE87AF7B}.Release|Any CPU.ActiveCfg = Release|Any CPU
		{74FEDC1D-7FCC-4F01-A2EC-ECA4AE87AF7B}.Release|Any CPU.Build.0 = Release|Any CPU
		{04F12E78-5EA9-42F9-9470-278326B32EDC}.Debug|Any CPU.ActiveCfg = Debug|Any CPU
		{04F12E78-5EA9-42F9-9470-278326B32EDC}.Debug|Any CPU.Build.0 = Debug|Any CPU
		{04F12E78-5EA9-42F9-9470-278326B32EDC}.Release|Any CPU.ActiveCfg = Release|Any CPU
		{04F12E78-5EA9-42F9-9470-278326B32EDC}.Release|Any CPU.Build.0 = Release|Any CPU
		{A1E85AA2-C120-43D2-BD2F-DC205A784C42}.Debug|Any CPU.ActiveCfg = Debug|Any CPU
		{A1E85AA2-C120-43D2-BD2F-DC205A784C42}.Debug|Any CPU.Build.0 = Debug|Any CPU
		{A1E85AA2-C120-43D2-BD2F-DC205A784C42}.Release|Any CPU.ActiveCfg = Release|Any CPU
		{A1E85AA2-C120-43D2-BD2F-DC205A784C42}.Release|Any CPU.Build.0 = Release|Any CPU
		{12406ECA-6E24-43F5-AE8A-86F8DB199DDC}.Debug|Any CPU.ActiveCfg = Debug|Any CPU
		{12406ECA-6E24-43F5-AE8A-86F8DB199DDC}.Debug|Any CPU.Build.0 = Debug|Any CPU
		{12406ECA-6E24-43F5-AE8A-86F8DB199DDC}.Release|Any CPU.ActiveCfg = Release|Any CPU
		{12406ECA-6E24-43F5-AE8A-86F8DB199DDC}.Release|Any CPU.Build.0 = Release|Any CPU
		{6F711C3A-F01E-4697-B5F3-150C55A12E6C}.Debug|Any CPU.ActiveCfg = Debug|Any CPU
		{6F711C3A-F01E-4697-B5F3-150C55A12E6C}.Debug|Any CPU.Build.0 = Debug|Any CPU
		{6F711C3A-F01E-4697-B5F3-150C55A12E6C}.Release|Any CPU.ActiveCfg = Release|Any CPU
		{6F711C3A-F01E-4697-B5F3-150C55A12E6C}.Release|Any CPU.Build.0 = Release|Any CPU
		{7AB303C7-5F4B-481C-9A74-9A637A0C9D96}.Debug|Any CPU.ActiveCfg = Debug|Any CPU
		{7AB303C7-5F4B-481C-9A74-9A637A0C9D96}.Debug|Any CPU.Build.0 = Debug|Any CPU
		{7AB303C7-5F4B-481C-9A74-9A637A0C9D96}.Release|Any CPU.ActiveCfg = Release|Any CPU
		{7AB303C7-5F4B-481C-9A74-9A637A0C9D96}.Release|Any CPU.Build.0 = Release|Any CPU
		{2B7796F9-45C8-4B1E-8A3E-501E81439785}.Debug|Any CPU.ActiveCfg = Debug|Any CPU
		{2B7796F9-45C8-4B1E-8A3E-501E81439785}.Debug|Any CPU.Build.0 = Debug|Any CPU
		{2B7796F9-45C8-4B1E-8A3E-501E81439785}.Release|Any CPU.ActiveCfg = Release|Any CPU
		{2B7796F9-45C8-4B1E-8A3E-501E81439785}.Release|Any CPU.Build.0 = Release|Any CPU
		{4E6F0033-946A-4E79-98BA-1824CBDEC6C2}.Debug|Any CPU.ActiveCfg = Debug|Any CPU
		{4E6F0033-946A-4E79-98BA-1824CBDEC6C2}.Debug|Any CPU.Build.0 = Debug|Any CPU
		{4E6F0033-946A-4E79-98BA-1824CBDEC6C2}.Release|Any CPU.ActiveCfg = Release|Any CPU
		{4E6F0033-946A-4E79-98BA-1824CBDEC6C2}.Release|Any CPU.Build.0 = Release|Any CPU
		{B6D1F430-7DD5-4CF8-A14C-BF0BE11430DD}.Debug|Any CPU.ActiveCfg = Debug|Any CPU
		{B6D1F430-7DD5-4CF8-A14C-BF0BE11430DD}.Debug|Any CPU.Build.0 = Debug|Any CPU
		{B6D1F430-7DD5-4CF8-A14C-BF0BE11430DD}.Release|Any CPU.ActiveCfg = Release|Any CPU
		{B6D1F430-7DD5-4CF8-A14C-BF0BE11430DD}.Release|Any CPU.Build.0 = Release|Any CPU
		{2BCB2BD7-7D62-4069-976D-D7936C06705F}.Debug|Any CPU.ActiveCfg = Debug|Any CPU
		{2BCB2BD7-7D62-4069-976D-D7936C06705F}.Debug|Any CPU.Build.0 = Debug|Any CPU
		{2BCB2BD7-7D62-4069-976D-D7936C06705F}.Release|Any CPU.ActiveCfg = Release|Any CPU
		{2BCB2BD7-7D62-4069-976D-D7936C06705F}.Release|Any CPU.Build.0 = Release|Any CPU
		{44C98F61-A4E2-4947-9125-53BA58891E2F}.Debug|Any CPU.ActiveCfg = Debug|Any CPU
		{44C98F61-A4E2-4947-9125-53BA58891E2F}.Debug|Any CPU.Build.0 = Debug|Any CPU
		{44C98F61-A4E2-4947-9125-53BA58891E2F}.Release|Any CPU.ActiveCfg = Release|Any CPU
		{44C98F61-A4E2-4947-9125-53BA58891E2F}.Release|Any CPU.Build.0 = Release|Any CPU
		{59FB750C-206F-46E5-B53B-FBE676AC4334}.Debug|Any CPU.ActiveCfg = Debug|Any CPU
		{59FB750C-206F-46E5-B53B-FBE676AC4334}.Debug|Any CPU.Build.0 = Debug|Any CPU
		{59FB750C-206F-46E5-B53B-FBE676AC4334}.Release|Any CPU.ActiveCfg = Release|Any CPU
		{59FB750C-206F-46E5-B53B-FBE676AC4334}.Release|Any CPU.Build.0 = Release|Any CPU
		{50625C54-581C-4092-99BD-5515D0FCCEB4}.Debug|Any CPU.ActiveCfg = Debug|Any CPU
		{50625C54-581C-4092-99BD-5515D0FCCEB4}.Debug|Any CPU.Build.0 = Debug|Any CPU
		{50625C54-581C-4092-99BD-5515D0FCCEB4}.Release|Any CPU.ActiveCfg = Release|Any CPU
		{50625C54-581C-4092-99BD-5515D0FCCEB4}.Release|Any CPU.Build.0 = Release|Any CPU
		{D9F9CD12-2DA9-4309-BD63-D7F49967F6B9}.Debug|Any CPU.ActiveCfg = Debug|Any CPU
		{D9F9CD12-2DA9-4309-BD63-D7F49967F6B9}.Debug|Any CPU.Build.0 = Debug|Any CPU
		{D9F9CD12-2DA9-4309-BD63-D7F49967F6B9}.Release|Any CPU.ActiveCfg = Release|Any CPU
		{D9F9CD12-2DA9-4309-BD63-D7F49967F6B9}.Release|Any CPU.Build.0 = Release|Any CPU
		{70EDB8D0-665A-4106-928A-E76FCCFF06C4}.Debug|Any CPU.ActiveCfg = Debug|Any CPU
		{70EDB8D0-665A-4106-928A-E76FCCFF06C4}.Debug|Any CPU.Build.0 = Debug|Any CPU
		{70EDB8D0-665A-4106-928A-E76FCCFF06C4}.Release|Any CPU.ActiveCfg = Release|Any CPU
		{70EDB8D0-665A-4106-928A-E76FCCFF06C4}.Release|Any CPU.Build.0 = Release|Any CPU
		{0B0D8A00-3BFE-4EEB-969B-0BEA23F21ADE}.Debug|Any CPU.ActiveCfg = Debug|Any CPU
		{0B0D8A00-3BFE-4EEB-969B-0BEA23F21ADE}.Debug|Any CPU.Build.0 = Debug|Any CPU
		{0B0D8A00-3BFE-4EEB-969B-0BEA23F21ADE}.Release|Any CPU.ActiveCfg = Release|Any CPU
		{0B0D8A00-3BFE-4EEB-969B-0BEA23F21ADE}.Release|Any CPU.Build.0 = Release|Any CPU
		{8134EF6E-06CF-42B0-AD95-9ABFFE1952D8}.Debug|Any CPU.ActiveCfg = Debug|Any CPU
		{8134EF6E-06CF-42B0-AD95-9ABFFE1952D8}.Debug|Any CPU.Build.0 = Debug|Any CPU
		{8134EF6E-06CF-42B0-AD95-9ABFFE1952D8}.Release|Any CPU.ActiveCfg = Release|Any CPU
		{8134EF6E-06CF-42B0-AD95-9ABFFE1952D8}.Release|Any CPU.Build.0 = Release|Any CPU
		{A4EAE405-E0D2-49B4-8AC1-FA85210D03E2}.Debug|Any CPU.ActiveCfg = Debug|Any CPU
		{A4EAE405-E0D2-49B4-8AC1-FA85210D03E2}.Debug|Any CPU.Build.0 = Debug|Any CPU
		{A4EAE405-E0D2-49B4-8AC1-FA85210D03E2}.Release|Any CPU.ActiveCfg = Release|Any CPU
		{A4EAE405-E0D2-49B4-8AC1-FA85210D03E2}.Release|Any CPU.Build.0 = Release|Any CPU
		{FCDDC526-20A9-4AA5-A740-561A5A8EC9A5}.Debug|Any CPU.ActiveCfg = Debug|Any CPU
		{FCDDC526-20A9-4AA5-A740-561A5A8EC9A5}.Debug|Any CPU.Build.0 = Debug|Any CPU
		{FCDDC526-20A9-4AA5-A740-561A5A8EC9A5}.Release|Any CPU.ActiveCfg = Release|Any CPU
		{FCDDC526-20A9-4AA5-A740-561A5A8EC9A5}.Release|Any CPU.Build.0 = Release|Any CPU
		{91EBFD1E-EC8E-4102-BBD1-7EEF8F34246A}.Debug|Any CPU.ActiveCfg = Debug|Any CPU
		{91EBFD1E-EC8E-4102-BBD1-7EEF8F34246A}.Debug|Any CPU.Build.0 = Debug|Any CPU
		{91EBFD1E-EC8E-4102-BBD1-7EEF8F34246A}.Release|Any CPU.ActiveCfg = Release|Any CPU
		{91EBFD1E-EC8E-4102-BBD1-7EEF8F34246A}.Release|Any CPU.Build.0 = Release|Any CPU
		{0EF2539A-B7A7-4982-98A7-0E4F0A836C88}.Debug|Any CPU.ActiveCfg = Debug|Any CPU
		{0EF2539A-B7A7-4982-98A7-0E4F0A836C88}.Debug|Any CPU.Build.0 = Debug|Any CPU
		{0EF2539A-B7A7-4982-98A7-0E4F0A836C88}.Release|Any CPU.ActiveCfg = Release|Any CPU
		{0EF2539A-B7A7-4982-98A7-0E4F0A836C88}.Release|Any CPU.Build.0 = Release|Any CPU
		{8B929B76-BA84-4883-8FE7-829F5A886B8B}.Debug|Any CPU.ActiveCfg = Debug|Any CPU
		{8B929B76-BA84-4883-8FE7-829F5A886B8B}.Debug|Any CPU.Build.0 = Debug|Any CPU
		{8B929B76-BA84-4883-8FE7-829F5A886B8B}.Release|Any CPU.ActiveCfg = Release|Any CPU
		{8B929B76-BA84-4883-8FE7-829F5A886B8B}.Release|Any CPU.Build.0 = Release|Any CPU
		{495F483C-1F3A-475F-BCED-3B03497FDE1A}.Debug|Any CPU.ActiveCfg = Debug|Any CPU
		{495F483C-1F3A-475F-BCED-3B03497FDE1A}.Debug|Any CPU.Build.0 = Debug|Any CPU
		{495F483C-1F3A-475F-BCED-3B03497FDE1A}.Release|Any CPU.ActiveCfg = Release|Any CPU
		{495F483C-1F3A-475F-BCED-3B03497FDE1A}.Release|Any CPU.Build.0 = Release|Any CPU
		{65FC1FF1-D084-4B7D-92EC-2A87250BB70C}.Debug|Any CPU.ActiveCfg = Debug|Any CPU
		{65FC1FF1-D084-4B7D-92EC-2A87250BB70C}.Debug|Any CPU.Build.0 = Debug|Any CPU
		{65FC1FF1-D084-4B7D-92EC-2A87250BB70C}.Release|Any CPU.ActiveCfg = Release|Any CPU
		{65FC1FF1-D084-4B7D-92EC-2A87250BB70C}.Release|Any CPU.Build.0 = Release|Any CPU
		{60F14E59-2DDC-4684-AF50-E7ABC9B7B90A}.Debug|Any CPU.ActiveCfg = Debug|Any CPU
		{60F14E59-2DDC-4684-AF50-E7ABC9B7B90A}.Debug|Any CPU.Build.0 = Debug|Any CPU
		{60F14E59-2DDC-4684-AF50-E7ABC9B7B90A}.Release|Any CPU.ActiveCfg = Release|Any CPU
		{60F14E59-2DDC-4684-AF50-E7ABC9B7B90A}.Release|Any CPU.Build.0 = Release|Any CPU
		{7E5D2A0C-6439-4428-89F3-D816A7E68755}.Debug|Any CPU.ActiveCfg = Debug|Any CPU
		{7E5D2A0C-6439-4428-89F3-D816A7E68755}.Debug|Any CPU.Build.0 = Debug|Any CPU
		{7E5D2A0C-6439-4428-89F3-D816A7E68755}.Release|Any CPU.ActiveCfg = Release|Any CPU
		{7E5D2A0C-6439-4428-89F3-D816A7E68755}.Release|Any CPU.Build.0 = Release|Any CPU
	EndGlobalSection
	GlobalSection(SolutionProperties) = preSolution
		HideSolutionNode = FALSE
	EndGlobalSection
	GlobalSection(ExtensibilityGlobals) = postSolution
		SolutionGuid = {4C11C4BF-1E2A-4B86-9C1A-33A02F771E77}
	EndGlobalSection
EndGlobal
